
Microsoft Visual Studio Solution File, Format Version 12.00
# Visual Studio 15
VisualStudioVersion = 15.0.26228.4
MinimumVisualStudioVersion = 10.0.40219.1
Project("{FAE04EC0-301F-11D3-BF4B-00C04F79EFBC}") = "ReflectionLesson", "ReflectionLesson\ReflectionLesson.csproj", "{C10CC4FE-1267-4518-8552-EFAB09B5B611}"
EndProject
Project("{FAE04EC0-301F-11D3-BF4B-00C04F79EFBC}") = "DynaminLibLesson", "DynaminLibLesson\DynaminLibLesson.csproj", "{40C4CA6B-AB0C-45E0-907B-E98CCC6AB1FD}"
EndProject
Global
	GlobalSection(SolutionConfigurationPlatforms) = preSolution
		Debug|Any CPU = Debug|Any CPU
		Release|Any CPU = Release|Any CPU
	EndGlobalSection
	GlobalSection(ProjectConfigurationPlatforms) = postSolution
		{C10CC4FE-1267-4518-8552-EFAB09B5B611}.Debug|Any CPU.ActiveCfg = Debug|Any CPU
		{C10CC4FE-1267-4518-8552-EFAB09B5B611}.Debug|Any CPU.Build.0 = Debug|Any CPU
		{C10CC4FE-1267-4518-8552-EFAB09B5B611}.Release|Any CPU.ActiveCfg = Release|Any CPU
		{C10CC4FE-1267-4518-8552-EFAB09B5B611}.Release|Any CPU.Build.0 = Release|Any CPU
		{40C4CA6B-AB0C-45E0-907B-E98CCC6AB1FD}.Debug|Any CPU.ActiveCfg = Debug|Any CPU
		{40C4CA6B-AB0C-45E0-907B-E98CCC6AB1FD}.Debug|Any CPU.Build.0 = Debug|Any CPU
		{40C4CA6B-AB0C-45E0-907B-E98CCC6AB1FD}.Release|Any CPU.ActiveCfg = Release|Any CPU
		{40C4CA6B-AB0C-45E0-907B-E98CCC6AB1FD}.Release|Any CPU.Build.0 = Release|Any CPU
	EndGlobalSection
	GlobalSection(SolutionProperties) = preSolution
		HideSolutionNode = FALSE
	EndGlobalSection
EndGlobal
